
Microsoft Visual Studio Solution File, Format Version 12.00
# Visual Studio Version 17
VisualStudioVersion = 17.10.35122.118
MinimumVisualStudioVersion = 10.0.40219.1
Project("{FAE04EC0-301F-11D3-BF4B-00C04F79EFBC}") = "nya", "nya\nya.csproj", "{D2BF5CF5-1239-4C35-B37E-8AAD6663431D}"
EndProject
Global
	GlobalSection(SolutionConfigurationPlatforms) = preSolution
		Debug|Any CPU = Debug|Any CPU
		Release|Any CPU = Release|Any CPU
	EndGlobalSection
	GlobalSection(ProjectConfigurationPlatforms) = postSolution
		{D2BF5CF5-1239-4C35-B37E-8AAD6663431D}.Debug|Any CPU.ActiveCfg = Debug|Any CPU
		{D2BF5CF5-1239-4C35-B37E-8AAD6663431D}.Debug|Any CPU.Build.0 = Debug|Any CPU
		{D2BF5CF5-1239-4C35-B37E-8AAD6663431D}.Release|Any CPU.ActiveCfg = Release|Any CPU
		{D2BF5CF5-1239-4C35-B37E-8AAD6663431D}.Release|Any CPU.Build.0 = Release|Any CPU
	EndGlobalSection
	GlobalSection(SolutionProperties) = preSolution
		HideSolutionNode = FALSE
	EndGlobalSection
	GlobalSection(ExtensibilityGlobals) = postSolution
		SolutionGuid = {A95F1389-9545-46C4-826D-55F78CD29EF6}
	EndGlobalSection
EndGlobal
